{
  "name": "jostraca",
  "version": "0.15.1",
  "lockfileVersion": 3,
  "requires": true,
  "packages": {
    "": {
      "name": "jostraca",
      "version": "0.15.1",
      "license": "MIT",
      "dependencies": {
        "diff": "^7.0.0",
        "gubu": "^9.0.0",
        "node-diff3": "^3.1.2"
      },
      "devDependencies": {
        "@hapi/code": "^9.0.3",
        "@types/node": "22.15.3",
        "esbuild": "^0.25.3",
        "oxc-parser": "^0.67.0",
        "typescript": "^5.8.3"
      },
      "peerDependencies": {
        "jsonic": ">=2.16.0",
        "memfs": ">=4"
      }
    },
    "node_modules/@emnapi/core": {
      "version": "1.4.3",
      "resolved": "https://registry.npmjs.org/@emnapi/core/-/core-1.4.3.tgz",
      "integrity": "sha512-4m62DuCE07lw01soJwPiBGC0nAww0Q+RY70VZ+n49yDIO13yyinhbWCeNnaob0lakDtWQzSdtNWzJeOJt2ma+g==",
      "dev": true,
      "optional": true,
      "dependencies": {
        "@emnapi/wasi-threads": "1.0.2",
        "tslib": "^2.4.0"
      }
    },
    "node_modules/@emnapi/runtime": {
      "version": "1.4.3",
      "resolved": "https://registry.npmjs.org/@emnapi/runtime/-/runtime-1.4.3.tgz",
      "integrity": "sha512-pBPWdu6MLKROBX05wSNKcNb++m5Er+KQ9QkB+WVM+pW2Kx9hoSrVTnu3BdkI5eBLZoKu/J6mW/B6i6bJB2ytXQ==",
      "dev": true,
      "optional": true,
      "dependencies": {
        "tslib": "^2.4.0"
      }
    },
    "node_modules/@emnapi/wasi-threads": {
      "version": "1.0.2",
      "resolved": "https://registry.npmjs.org/@emnapi/wasi-threads/-/wasi-threads-1.0.2.tgz",
      "integrity": "sha512-5n3nTJblwRi8LlXkJ9eBzu+kZR8Yxcc7ubakyQTFzPMtIhFpUBRbsnc2Dv88IZDIbCDlBiWrknhB4Lsz7mg6BA==",
      "dev": true,
      "optional": true,
      "dependencies": {
        "tslib": "^2.4.0"
      }
    },
    "node_modules/@esbuild/aix-ppc64": {
      "version": "0.25.3",
      "resolved": "https://registry.npmjs.org/@esbuild/aix-ppc64/-/aix-ppc64-0.25.3.tgz",
      "integrity": "sha512-W8bFfPA8DowP8l//sxjJLSLkD8iEjMc7cBVyP+u4cEv9sM7mdUCkgsj+t0n/BWPFtv7WWCN5Yzj0N6FJNUUqBQ==",
      "cpu": [
        "ppc64"
      ],
      "dev": true,
      "optional": true,
      "os": [
        "aix"
      ],
      "engines": {
        "node": ">=18"
      }
    },
    "node_modules/@esbuild/android-arm": {
      "version": "0.25.3",
      "resolved": "https://registry.npmjs.org/@esbuild/android-arm/-/android-arm-0.25.3.tgz",
      "integrity": "sha512-PuwVXbnP87Tcff5I9ngV0lmiSu40xw1At6i3GsU77U7cjDDB4s0X2cyFuBiDa1SBk9DnvWwnGvVaGBqoFWPb7A==",
      "cpu": [
        "arm"
      ],
      "dev": true,
      "optional": true,
      "os": [
        "android"
      ],
      "engines": {
        "node": ">=18"
      }
    },
    "node_modules/@esbuild/android-arm64": {
      "version": "0.25.3",
      "resolved": "https://registry.npmjs.org/@esbuild/android-arm64/-/android-arm64-0.25.3.tgz",
      "integrity": "sha512-XelR6MzjlZuBM4f5z2IQHK6LkK34Cvv6Rj2EntER3lwCBFdg6h2lKbtRjpTTsdEjD/WSe1q8UyPBXP1x3i/wYQ==",
      "cpu": [
        "arm64"
      ],
      "dev": true,
      "optional": true,
      "os": [
        "android"
      ],
      "engines": {
        "node": ">=18"
      }
    },
    "node_modules/@esbuild/android-x64": {
      "version": "0.25.3",
      "resolved": "https://registry.npmjs.org/@esbuild/android-x64/-/android-x64-0.25.3.tgz",
      "integrity": "sha512-ogtTpYHT/g1GWS/zKM0cc/tIebFjm1F9Aw1boQ2Y0eUQ+J89d0jFY//s9ei9jVIlkYi8AfOjiixcLJSGNSOAdQ==",
      "cpu": [
        "x64"
      ],
      "dev": true,
      "optional": true,
      "os": [
        "android"
      ],
      "engines": {
        "node": ">=18"
      }
    },
    "node_modules/@esbuild/darwin-arm64": {
      "version": "0.25.3",
      "resolved": "https://registry.npmjs.org/@esbuild/darwin-arm64/-/darwin-arm64-0.25.3.tgz",
      "integrity": "sha512-eESK5yfPNTqpAmDfFWNsOhmIOaQA59tAcF/EfYvo5/QWQCzXn5iUSOnqt3ra3UdzBv073ykTtmeLJZGt3HhA+w==",
      "cpu": [
        "arm64"
      ],
      "dev": true,
      "optional": true,
      "os": [
        "darwin"
      ],
      "engines": {
        "node": ">=18"
      }
    },
    "node_modules/@esbuild/darwin-x64": {
      "version": "0.25.3",
      "resolved": "https://registry.npmjs.org/@esbuild/darwin-x64/-/darwin-x64-0.25.3.tgz",
      "integrity": "sha512-Kd8glo7sIZtwOLcPbW0yLpKmBNWMANZhrC1r6K++uDR2zyzb6AeOYtI6udbtabmQpFaxJ8uduXMAo1gs5ozz8A==",
      "cpu": [
        "x64"
      ],
      "dev": true,
      "optional": true,
      "os": [
        "darwin"
      ],
      "engines": {
        "node": ">=18"
      }
    },
    "node_modules/@esbuild/freebsd-arm64": {
      "version": "0.25.3",
      "resolved": "https://registry.npmjs.org/@esbuild/freebsd-arm64/-/freebsd-arm64-0.25.3.tgz",
      "integrity": "sha512-EJiyS70BYybOBpJth3M0KLOus0n+RRMKTYzhYhFeMwp7e/RaajXvP+BWlmEXNk6uk+KAu46j/kaQzr6au+JcIw==",
      "cpu": [
        "arm64"
      ],
      "dev": true,
      "optional": true,
      "os": [
        "freebsd"
      ],
      "engines": {
        "node": ">=18"
      }
    },
    "node_modules/@esbuild/freebsd-x64": {
      "version": "0.25.3",
      "resolved": "https://registry.npmjs.org/@esbuild/freebsd-x64/-/freebsd-x64-0.25.3.tgz",
      "integrity": "sha512-Q+wSjaLpGxYf7zC0kL0nDlhsfuFkoN+EXrx2KSB33RhinWzejOd6AvgmP5JbkgXKmjhmpfgKZq24pneodYqE8Q==",
      "cpu": [
        "x64"
      ],
      "dev": true,
      "optional": true,
      "os": [
        "freebsd"
      ],
      "engines": {
        "node": ">=18"
      }
    },
    "node_modules/@esbuild/linux-arm": {
      "version": "0.25.3",
      "resolved": "https://registry.npmjs.org/@esbuild/linux-arm/-/linux-arm-0.25.3.tgz",
      "integrity": "sha512-dUOVmAUzuHy2ZOKIHIKHCm58HKzFqd+puLaS424h6I85GlSDRZIA5ycBixb3mFgM0Jdh+ZOSB6KptX30DD8YOQ==",
      "cpu": [
        "arm"
      ],
      "dev": true,
      "optional": true,
      "os": [
        "linux"
      ],
      "engines": {
        "node": ">=18"
      }
    },
    "node_modules/@esbuild/linux-arm64": {
      "version": "0.25.3",
      "resolved": "https://registry.npmjs.org/@esbuild/linux-arm64/-/linux-arm64-0.25.3.tgz",
      "integrity": "sha512-xCUgnNYhRD5bb1C1nqrDV1PfkwgbswTTBRbAd8aH5PhYzikdf/ddtsYyMXFfGSsb/6t6QaPSzxtbfAZr9uox4A==",
      "cpu": [
        "arm64"
      ],
      "dev": true,
      "optional": true,
      "os": [
        "linux"
      ],
      "engines": {
        "node": ">=18"
      }
    },
    "node_modules/@esbuild/linux-ia32": {
      "version": "0.25.3",
      "resolved": "https://registry.npmjs.org/@esbuild/linux-ia32/-/linux-ia32-0.25.3.tgz",
      "integrity": "sha512-yplPOpczHOO4jTYKmuYuANI3WhvIPSVANGcNUeMlxH4twz/TeXuzEP41tGKNGWJjuMhotpGabeFYGAOU2ummBw==",
      "cpu": [
        "ia32"
      ],
      "dev": true,
      "optional": true,
      "os": [
        "linux"
      ],
      "engines": {
        "node": ">=18"
      }
    },
    "node_modules/@esbuild/linux-loong64": {
      "version": "0.25.3",
      "resolved": "https://registry.npmjs.org/@esbuild/linux-loong64/-/linux-loong64-0.25.3.tgz",
      "integrity": "sha512-P4BLP5/fjyihmXCELRGrLd793q/lBtKMQl8ARGpDxgzgIKJDRJ/u4r1A/HgpBpKpKZelGct2PGI4T+axcedf6g==",
      "cpu": [
        "loong64"
      ],
      "dev": true,
      "optional": true,
      "os": [
        "linux"
      ],
      "engines": {
        "node": ">=18"
      }
    },
    "node_modules/@esbuild/linux-mips64el": {
      "version": "0.25.3",
      "resolved": "https://registry.npmjs.org/@esbuild/linux-mips64el/-/linux-mips64el-0.25.3.tgz",
      "integrity": "sha512-eRAOV2ODpu6P5divMEMa26RRqb2yUoYsuQQOuFUexUoQndm4MdpXXDBbUoKIc0iPa4aCO7gIhtnYomkn2x+bag==",
      "cpu": [
        "mips64el"
      ],
      "dev": true,
      "optional": true,
      "os": [
        "linux"
      ],
      "engines": {
        "node": ">=18"
      }
    },
    "node_modules/@esbuild/linux-ppc64": {
      "version": "0.25.3",
      "resolved": "https://registry.npmjs.org/@esbuild/linux-ppc64/-/linux-ppc64-0.25.3.tgz",
      "integrity": "sha512-ZC4jV2p7VbzTlnl8nZKLcBkfzIf4Yad1SJM4ZMKYnJqZFD4rTI+pBG65u8ev4jk3/MPwY9DvGn50wi3uhdaghg==",
      "cpu": [
        "ppc64"
      ],
      "dev": true,
      "optional": true,
      "os": [
        "linux"
      ],
      "engines": {
        "node": ">=18"
      }
    },
    "node_modules/@esbuild/linux-riscv64": {
      "version": "0.25.3",
      "resolved": "https://registry.npmjs.org/@esbuild/linux-riscv64/-/linux-riscv64-0.25.3.tgz",
      "integrity": "sha512-LDDODcFzNtECTrUUbVCs6j9/bDVqy7DDRsuIXJg6so+mFksgwG7ZVnTruYi5V+z3eE5y+BJZw7VvUadkbfg7QA==",
      "cpu": [
        "riscv64"
      ],
      "dev": true,
      "optional": true,
      "os": [
        "linux"
      ],
      "engines": {
        "node": ">=18"
      }
    },
    "node_modules/@esbuild/linux-s390x": {
      "version": "0.25.3",
      "resolved": "https://registry.npmjs.org/@esbuild/linux-s390x/-/linux-s390x-0.25.3.tgz",
      "integrity": "sha512-s+w/NOY2k0yC2p9SLen+ymflgcpRkvwwa02fqmAwhBRI3SC12uiS10edHHXlVWwfAagYSY5UpmT/zISXPMW3tQ==",
      "cpu": [
        "s390x"
      ],
      "dev": true,
      "optional": true,
      "os": [
        "linux"
      ],
      "engines": {
        "node": ">=18"
      }
    },
    "node_modules/@esbuild/linux-x64": {
      "version": "0.25.3",
      "resolved": "https://registry.npmjs.org/@esbuild/linux-x64/-/linux-x64-0.25.3.tgz",
      "integrity": "sha512-nQHDz4pXjSDC6UfOE1Fw9Q8d6GCAd9KdvMZpfVGWSJztYCarRgSDfOVBY5xwhQXseiyxapkiSJi/5/ja8mRFFA==",
      "cpu": [
        "x64"
      ],
      "dev": true,
      "optional": true,
      "os": [
        "linux"
      ],
      "engines": {
        "node": ">=18"
      }
    },
    "node_modules/@esbuild/netbsd-arm64": {
      "version": "0.25.3",
      "resolved": "https://registry.npmjs.org/@esbuild/netbsd-arm64/-/netbsd-arm64-0.25.3.tgz",
      "integrity": "sha512-1QaLtOWq0mzK6tzzp0jRN3eccmN3hezey7mhLnzC6oNlJoUJz4nym5ZD7mDnS/LZQgkrhEbEiTn515lPeLpgWA==",
      "cpu": [
        "arm64"
      ],
      "dev": true,
      "optional": true,
      "os": [
        "netbsd"
      ],
      "engines": {
        "node": ">=18"
      }
    },
    "node_modules/@esbuild/netbsd-x64": {
      "version": "0.25.3",
      "resolved": "https://registry.npmjs.org/@esbuild/netbsd-x64/-/netbsd-x64-0.25.3.tgz",
      "integrity": "sha512-i5Hm68HXHdgv8wkrt+10Bc50zM0/eonPb/a/OFVfB6Qvpiirco5gBA5bz7S2SHuU+Y4LWn/zehzNX14Sp4r27g==",
      "cpu": [
        "x64"
      ],
      "dev": true,
      "optional": true,
      "os": [
        "netbsd"
      ],
      "engines": {
        "node": ">=18"
      }
    },
    "node_modules/@esbuild/openbsd-arm64": {
      "version": "0.25.3",
      "resolved": "https://registry.npmjs.org/@esbuild/openbsd-arm64/-/openbsd-arm64-0.25.3.tgz",
      "integrity": "sha512-zGAVApJEYTbOC6H/3QBr2mq3upG/LBEXr85/pTtKiv2IXcgKV0RT0QA/hSXZqSvLEpXeIxah7LczB4lkiYhTAQ==",
      "cpu": [
        "arm64"
      ],
      "dev": true,
      "optional": true,
      "os": [
        "openbsd"
      ],
      "engines": {
        "node": ">=18"
      }
    },
    "node_modules/@esbuild/openbsd-x64": {
      "version": "0.25.3",
      "resolved": "https://registry.npmjs.org/@esbuild/openbsd-x64/-/openbsd-x64-0.25.3.tgz",
      "integrity": "sha512-fpqctI45NnCIDKBH5AXQBsD0NDPbEFczK98hk/aa6HJxbl+UtLkJV2+Bvy5hLSLk3LHmqt0NTkKNso1A9y1a4w==",
      "cpu": [
        "x64"
      ],
      "dev": true,
      "optional": true,
      "os": [
        "openbsd"
      ],
      "engines": {
        "node": ">=18"
      }
    },
    "node_modules/@esbuild/sunos-x64": {
      "version": "0.25.3",
      "resolved": "https://registry.npmjs.org/@esbuild/sunos-x64/-/sunos-x64-0.25.3.tgz",
      "integrity": "sha512-ROJhm7d8bk9dMCUZjkS8fgzsPAZEjtRJqCAmVgB0gMrvG7hfmPmz9k1rwO4jSiblFjYmNvbECL9uhaPzONMfgA==",
      "cpu": [
        "x64"
      ],
      "dev": true,
      "optional": true,
      "os": [
        "sunos"
      ],
      "engines": {
        "node": ">=18"
      }
    },
    "node_modules/@esbuild/win32-arm64": {
      "version": "0.25.3",
      "resolved": "https://registry.npmjs.org/@esbuild/win32-arm64/-/win32-arm64-0.25.3.tgz",
      "integrity": "sha512-YWcow8peiHpNBiIXHwaswPnAXLsLVygFwCB3A7Bh5jRkIBFWHGmNQ48AlX4xDvQNoMZlPYzjVOQDYEzWCqufMQ==",
      "cpu": [
        "arm64"
      ],
      "dev": true,
      "optional": true,
      "os": [
        "win32"
      ],
      "engines": {
        "node": ">=18"
      }
    },
    "node_modules/@esbuild/win32-ia32": {
      "version": "0.25.3",
      "resolved": "https://registry.npmjs.org/@esbuild/win32-ia32/-/win32-ia32-0.25.3.tgz",
      "integrity": "sha512-qspTZOIGoXVS4DpNqUYUs9UxVb04khS1Degaw/MnfMe7goQ3lTfQ13Vw4qY/Nj0979BGvMRpAYbs/BAxEvU8ew==",
      "cpu": [
        "ia32"
      ],
      "dev": true,
      "optional": true,
      "os": [
        "win32"
      ],
      "engines": {
        "node": ">=18"
      }
    },
    "node_modules/@esbuild/win32-x64": {
      "version": "0.25.3",
      "resolved": "https://registry.npmjs.org/@esbuild/win32-x64/-/win32-x64-0.25.3.tgz",
      "integrity": "sha512-ICgUR+kPimx0vvRzf+N/7L7tVSQeE3BYY+NhHRHXS1kBuPO7z2+7ea2HbhDyZdTephgvNvKrlDDKUexuCVBVvg==",
      "cpu": [
        "x64"
      ],
      "dev": true,
      "optional": true,
      "os": [
        "win32"
      ],
      "engines": {
        "node": ">=18"
      }
    },
    "node_modules/@hapi/code": {
      "version": "9.0.3",
      "resolved": "https://registry.npmjs.org/@hapi/code/-/code-9.0.3.tgz",
      "integrity": "sha512-g50b7qz861Xfnt1NWtcba1zVxlHLPDJh/4ys6pva6jMmQgbTDLgAkbORDHYbVSA7mYxZ2cHZ2n7ZeFb5j/ZhQw==",
      "dev": true,
      "dependencies": {
        "@hapi/hoek": "^11.0.2"
      }
    },
    "node_modules/@hapi/hoek": {
      "version": "11.0.7",
      "resolved": "https://registry.npmjs.org/@hapi/hoek/-/hoek-11.0.7.tgz",
      "integrity": "sha512-HV5undWkKzcB4RZUusqOpcgxOaq6VOAH7zhhIr2g3G8NF/MlFO75SjOr2NfuSx0Mh40+1FqCkagKLJRykUWoFQ==",
      "dev": true
    },
    "node_modules/@jsonjoy.com/base64": {
      "version": "1.1.2",
      "resolved": "https://registry.npmjs.org/@jsonjoy.com/base64/-/base64-1.1.2.tgz",
      "integrity": "sha512-q6XAnWQDIMA3+FTiOYajoYqySkO+JSat0ytXGSuRdq9uXE7o92gzuQwQM14xaCRlBLGq3v5miDGC4vkVTn54xA==",
      "peer": true,
      "engines": {
        "node": ">=10.0"
      },
      "funding": {
        "type": "github",
        "url": "https://github.com/sponsors/streamich"
      },
      "peerDependencies": {
        "tslib": "2"
      }
    },
    "node_modules/@jsonjoy.com/json-pack": {
      "version": "1.2.0",
      "resolved": "https://registry.npmjs.org/@jsonjoy.com/json-pack/-/json-pack-1.2.0.tgz",
      "integrity": "sha512-io1zEbbYcElht3tdlqEOFxZ0dMTYrHz9iMf0gqn1pPjZFTCgM5R4R5IMA20Chb2UPYYsxjzs8CgZ7Nb5n2K2rA==",
      "peer": true,
      "dependencies": {
        "@jsonjoy.com/base64": "^1.1.1",
        "@jsonjoy.com/util": "^1.1.2",
        "hyperdyperid": "^1.2.0",
        "thingies": "^1.20.0"
      },
      "engines": {
        "node": ">=10.0"
      },
      "funding": {
        "type": "github",
        "url": "https://github.com/sponsors/streamich"
      },
      "peerDependencies": {
        "tslib": "2"
      }
    },
    "node_modules/@jsonjoy.com/util": {
      "version": "1.5.0",
      "resolved": "https://registry.npmjs.org/@jsonjoy.com/util/-/util-1.5.0.tgz",
      "integrity": "sha512-ojoNsrIuPI9g6o8UxhraZQSyF2ByJanAY4cTFbc8Mf2AXEF4aQRGY1dJxyJpuyav8r9FGflEt/Ff3u5Nt6YMPA==",
      "peer": true,
      "engines": {
        "node": ">=10.0"
      },
      "funding": {
        "type": "github",
        "url": "https://github.com/sponsors/streamich"
      },
      "peerDependencies": {
        "tslib": "2"
      }
    },
    "node_modules/@napi-rs/wasm-runtime": {
      "version": "0.2.9",
      "resolved": "https://registry.npmjs.org/@napi-rs/wasm-runtime/-/wasm-runtime-0.2.9.tgz",
      "integrity": "sha512-OKRBiajrrxB9ATokgEQoG87Z25c67pCpYcCwmXYX8PBftC9pBfN18gnm/fh1wurSLEKIAt+QRFLFCQISrb66Jg==",
      "dev": true,
      "optional": true,
      "dependencies": {
        "@emnapi/core": "^1.4.0",
        "@emnapi/runtime": "^1.4.0",
        "@tybys/wasm-util": "^0.9.0"
      }
    },
    "node_modules/@oxc-parser/binding-darwin-arm64": {
      "version": "0.67.0",
      "resolved": "https://registry.npmjs.org/@oxc-parser/binding-darwin-arm64/-/binding-darwin-arm64-0.67.0.tgz",
      "integrity": "sha512-AWLaNH7emKLCpFzHjcYr0wqE8HRpK/5vDtIAUz0BEZKsYxM/Nd8UpgRg2ZlNlEiPDMgAhpRLBHqjf9Xiv/IMhw==",
      "cpu": [
        "arm64"
      ],
      "dev": true,
      "optional": true,
      "os": [
        "darwin"
      ],
      "engines": {
        "node": ">=14.0.0"
      }
    },
    "node_modules/@oxc-parser/binding-darwin-x64": {
      "version": "0.67.0",
      "resolved": "https://registry.npmjs.org/@oxc-parser/binding-darwin-x64/-/binding-darwin-x64-0.67.0.tgz",
      "integrity": "sha512-1wYbIWpXZ8V9jUx309LyCyK5cVqbTC3qawZ293qfGSmRTsn0F7OenRK7ERbRx7HuvWw2zgWIbWieUpO487nloQ==",
      "cpu": [
        "x64"
      ],
      "dev": true,
      "optional": true,
      "os": [
        "darwin"
      ],
      "engines": {
        "node": ">=14.0.0"
      }
    },
    "node_modules/@oxc-parser/binding-linux-arm-gnueabihf": {
      "version": "0.67.0",
      "resolved": "https://registry.npmjs.org/@oxc-parser/binding-linux-arm-gnueabihf/-/binding-linux-arm-gnueabihf-0.67.0.tgz",
      "integrity": "sha512-Dry9zRk/LOvPvb/GDNkgtQZ2cJKBIc6alQOwjvpji/OdJFjqawTPJoHB0F7nd6NfRYle0tVXCFYHtGUxv2WNxQ==",
      "cpu": [
        "arm"
      ],
      "dev": true,
      "optional": true,
      "os": [
        "linux"
      ],
      "engines": {
        "node": ">=14.0.0"
      }
    },
    "node_modules/@oxc-parser/binding-linux-arm64-gnu": {
      "version": "0.67.0",
      "resolved": "https://registry.npmjs.org/@oxc-parser/binding-linux-arm64-gnu/-/binding-linux-arm64-gnu-0.67.0.tgz",
      "integrity": "sha512-Bk+Fqe2J9OvIPs+FK/avTA1YL0tAQD3FgiHe0gq7HLaiuwjw8FAzi2KldyataNmIekfiSH6e+xrt2FugwDXFlw==",
      "cpu": [
        "arm64"
      ],
      "dev": true,
      "optional": true,
      "os": [
        "linux"
      ],
      "engines": {
        "node": ">=14.0.0"
      }
    },
    "node_modules/@oxc-parser/binding-linux-arm64-musl": {
      "version": "0.67.0",
      "resolved": "https://registry.npmjs.org/@oxc-parser/binding-linux-arm64-musl/-/binding-linux-arm64-musl-0.67.0.tgz",
      "integrity": "sha512-zBMJOkxgcR7Fgmx6hFJQycgWCl9fhS/oW5n1Qix+cbKFe2HfgtOhI+pESEqHc642WX/93BJ1m4OMmZJl35VYgg==",
      "cpu": [
        "arm64"
      ],
      "dev": true,
      "optional": true,
      "os": [
        "linux"
      ],
      "engines": {
        "node": ">=14.0.0"
      }
    },
    "node_modules/@oxc-parser/binding-linux-x64-gnu": {
      "version": "0.67.0",
      "resolved": "https://registry.npmjs.org/@oxc-parser/binding-linux-x64-gnu/-/binding-linux-x64-gnu-0.67.0.tgz",
      "integrity": "sha512-/zHUMrL24fGMTEr1iHE63f8NYa2IvxfIeNo24H1ofxhtr0A2KmcgOCcEUIypFjMxD5EY5kpQ2t0Nf42o+d4LOA==",
      "cpu": [
        "x64"
      ],
      "dev": true,
      "optional": true,
      "os": [
        "linux"
      ],
      "engines": {
        "node": ">=14.0.0"
      }
    },
    "node_modules/@oxc-parser/binding-linux-x64-musl": {
      "version": "0.67.0",
      "resolved": "https://registry.npmjs.org/@oxc-parser/binding-linux-x64-musl/-/binding-linux-x64-musl-0.67.0.tgz",
      "integrity": "sha512-+JsqPXn2Op35lPEMbTyHonPHzTyvCpfaD522M5nziDt41DAOe3BMMcGgRfJXl6Dv/r8f4iZuHL3YSU8wF+elcQ==",
      "cpu": [
        "x64"
      ],
      "dev": true,
      "optional": true,
      "os": [
        "linux"
      ],
      "engines": {
        "node": ">=14.0.0"
      }
    },
    "node_modules/@oxc-parser/binding-wasm32-wasi": {
      "version": "0.67.0",
      "resolved": "https://registry.npmjs.org/@oxc-parser/binding-wasm32-wasi/-/binding-wasm32-wasi-0.67.0.tgz",
      "integrity": "sha512-jAugJhwJvCSurHEoicL0Gp9k1XVEnrTpQ3l1YBro/jfJ5uKSpfMBPPpNZBW04gumD08RDk32nqcPbk+BezvTaw==",
      "cpu": [
        "wasm32"
      ],
      "dev": true,
      "optional": true,
      "dependencies": {
        "@napi-rs/wasm-runtime": "^0.2.9"
      },
      "engines": {
        "node": ">=14.0.0"
      }
    },
    "node_modules/@oxc-parser/binding-win32-arm64-msvc": {
      "version": "0.67.0",
      "resolved": "https://registry.npmjs.org/@oxc-parser/binding-win32-arm64-msvc/-/binding-win32-arm64-msvc-0.67.0.tgz",
      "integrity": "sha512-JZparqb773ahTQoC3/e6LazRqOLhlyzNhllK73xvz/wixkYueivHxJrdYtFy4ss2VDns4Dg0MZ/zRhkBJy1enA==",
      "cpu": [
        "arm64"
      ],
      "dev": true,
      "optional": true,
      "os": [
        "win32"
      ],
      "engines": {
        "node": ">=14.0.0"
      }
    },
    "node_modules/@oxc-parser/binding-win32-x64-msvc": {
      "version": "0.67.0",
      "resolved": "https://registry.npmjs.org/@oxc-parser/binding-win32-x64-msvc/-/binding-win32-x64-msvc-0.67.0.tgz",
      "integrity": "sha512-jP5BkhItHRg0J/JfTp1L8D57VMyFgKrXeqH8h8CS04WL1V/ZbBUSr6FnK8gfy7eeKQZg7K7ZeJRTEEcW6i3nwQ==",
      "cpu": [
        "x64"
      ],
      "dev": true,
      "optional": true,
      "os": [
        "win32"
      ],
      "engines": {
        "node": ">=14.0.0"
      }
    },
    "node_modules/@oxc-project/types": {
      "version": "0.67.0",
      "resolved": "https://registry.npmjs.org/@oxc-project/types/-/types-0.67.0.tgz",
      "integrity": "sha512-AI7inoYvnVro7b8S2Z+Fxi295xQvNKLP1CM/xzx5il4R3aiGgnFt9qiXaRo9vIutataX8AjHcaPnOsjdcItU0w==",
      "dev": true,
      "funding": {
        "url": "https://github.com/sponsors/Boshen"
      }
    },
    "node_modules/@tybys/wasm-util": {
      "version": "0.9.0",
      "resolved": "https://registry.npmjs.org/@tybys/wasm-util/-/wasm-util-0.9.0.tgz",
      "integrity": "sha512-6+7nlbMVX/PVDCwaIQ8nTOPveOcFLSt8GcXdx8hD0bt39uWxYT88uXzqTd4fTvqta7oeUJqudepapKNt2DYJFw==",
      "dev": true,
      "optional": true,
      "dependencies": {
        "tslib": "^2.4.0"
      }
    },
    "node_modules/@types/node": {
      "version": "22.15.3",
      "resolved": "https://registry.npmjs.org/@types/node/-/node-22.15.3.tgz",
      "integrity": "sha512-lX7HFZeHf4QG/J7tBZqrCAXwz9J5RD56Y6MpP0eJkka8p+K0RY/yBTW7CYFJ4VGCclxqOLKmiGP5juQc6MKgcw==",
      "dev": true,
      "dependencies": {
        "undici-types": "~6.21.0"
      }
    },
    "node_modules/diff": {
      "version": "7.0.0",
      "resolved": "https://registry.npmjs.org/diff/-/diff-7.0.0.tgz",
      "integrity": "sha512-PJWHUb1RFevKCwaFA9RlG5tCd+FO5iRh9A8HEtkmBH2Li03iJriB6m6JIN4rGz3K3JLawI7/veA1xzRKP6ISBw==",
      "engines": {
        "node": ">=0.3.1"
      }
    },
    "node_modules/esbuild": {
      "version": "0.25.3",
      "resolved": "https://registry.npmjs.org/esbuild/-/esbuild-0.25.3.tgz",
      "integrity": "sha512-qKA6Pvai73+M2FtftpNKRxJ78GIjmFXFxd/1DVBqGo/qNhLSfv+G12n9pNoWdytJC8U00TrViOwpjT0zgqQS8Q==",
      "dev": true,
      "hasInstallScript": true,
      "bin": {
        "esbuild": "bin/esbuild"
      },
      "engines": {
        "node": ">=18"
      },
      "optionalDependencies": {
        "@esbuild/aix-ppc64": "0.25.3",
        "@esbuild/android-arm": "0.25.3",
        "@esbuild/android-arm64": "0.25.3",
        "@esbuild/android-x64": "0.25.3",
        "@esbuild/darwin-arm64": "0.25.3",
        "@esbuild/darwin-x64": "0.25.3",
        "@esbuild/freebsd-arm64": "0.25.3",
        "@esbuild/freebsd-x64": "0.25.3",
        "@esbuild/linux-arm": "0.25.3",
        "@esbuild/linux-arm64": "0.25.3",
        "@esbuild/linux-ia32": "0.25.3",
        "@esbuild/linux-loong64": "0.25.3",
        "@esbuild/linux-mips64el": "0.25.3",
        "@esbuild/linux-ppc64": "0.25.3",
        "@esbuild/linux-riscv64": "0.25.3",
        "@esbuild/linux-s390x": "0.25.3",
        "@esbuild/linux-x64": "0.25.3",
        "@esbuild/netbsd-arm64": "0.25.3",
        "@esbuild/netbsd-x64": "0.25.3",
        "@esbuild/openbsd-arm64": "0.25.3",
        "@esbuild/openbsd-x64": "0.25.3",
        "@esbuild/sunos-x64": "0.25.3",
        "@esbuild/win32-arm64": "0.25.3",
        "@esbuild/win32-ia32": "0.25.3",
        "@esbuild/win32-x64": "0.25.3"
      }
    },
    "node_modules/gubu": {
      "version": "9.0.0",
      "resolved": "https://registry.npmjs.org/gubu/-/gubu-9.0.0.tgz",
      "integrity": "sha512-ha4I76HekhYzoXoA5gJql3ql/fTRaj+pyQUwOITCuEENE8sdInUU1lc0+Wr7v4GeAh0Kh8sUCNuwwOw6DHRYTA==",
      "engines": {
        "node": ">=14"
      }
    },
    "node_modules/hyperdyperid": {
      "version": "1.2.0",
      "resolved": "https://registry.npmjs.org/hyperdyperid/-/hyperdyperid-1.2.0.tgz",
      "integrity": "sha512-Y93lCzHYgGWdrJ66yIktxiaGULYc6oGiABxhcO5AufBeOyoIdZF7bIfLaOrbM0iGIOXQQgxxRrFEnb+Y6w1n4A==",
      "peer": true,
      "engines": {
        "node": ">=10.18"
      }
    },
    "node_modules/jsonic": {
      "version": "2.16.0",
      "resolved": "https://registry.npmjs.org/jsonic/-/jsonic-2.16.0.tgz",
      "integrity": "sha512-qxsSBQzcP/vC0ZIhuPtj1db0T7NA+knH30vIPzm7W7C7J0LJ/hqkvda50Xlo8JAAu7rNBbO/aWvcsycyG4kvjg==",
      "peer": true,
      "bin": {
        "jsonic": "bin/jsonic"
      }
    },
    "node_modules/memfs": {
      "version": "4.17.0",
      "resolved": "https://registry.npmjs.org/memfs/-/memfs-4.17.0.tgz",
      "integrity": "sha512-4eirfZ7thblFmqFjywlTmuWVSvccHAJbn1r8qQLzmTO11qcqpohOjmY2mFce6x7x7WtskzRqApPD0hv+Oa74jg==",
      "peer": true,
      "dependencies": {
        "@jsonjoy.com/json-pack": "^1.0.3",
        "@jsonjoy.com/util": "^1.3.0",
        "tree-dump": "^1.0.1",
        "tslib": "^2.0.0"
      },
      "engines": {
        "node": ">= 4.0.0"
      },
      "funding": {
        "type": "github",
        "url": "https://github.com/sponsors/streamich"
      }
    },
    "node_modules/node-diff3": {
      "version": "3.1.2",
      "resolved": "https://registry.npmjs.org/node-diff3/-/node-diff3-3.1.2.tgz",
      "integrity": "sha512-wUd9TWy059I8mZdH6G3LPNlAEfxDvXtn/RcyFrbqL3v34WlDxn+Mh4HDhOwWuaMk/ROVepe5tTpnGHbve6Db2g==",
      "engines": {
        "node": ">14"
      }
    },
    "node_modules/oxc-parser": {
      "version": "0.67.0",
      "resolved": "https://registry.npmjs.org/oxc-parser/-/oxc-parser-0.67.0.tgz",
      "integrity": "sha512-07arJoEJQopwEQ3gDu220l9J7i4XIyOWUGhfRalOX6gKEEYZIaqts5zJvFNtwNSjCc2yHMYscAdHNAB8nRazjA==",
      "dev": true,
      "dependencies": {
        "@oxc-project/types": "^0.67.0"
      },
      "engines": {
        "node": ">=14.0.0"
      },
      "funding": {
        "url": "https://github.com/sponsors/Boshen"
      },
      "optionalDependencies": {
        "@oxc-parser/binding-darwin-arm64": "0.67.0",
        "@oxc-parser/binding-darwin-x64": "0.67.0",
        "@oxc-parser/binding-linux-arm-gnueabihf": "0.67.0",
        "@oxc-parser/binding-linux-arm64-gnu": "0.67.0",
        "@oxc-parser/binding-linux-arm64-musl": "0.67.0",
        "@oxc-parser/binding-linux-x64-gnu": "0.67.0",
        "@oxc-parser/binding-linux-x64-musl": "0.67.0",
        "@oxc-parser/binding-wasm32-wasi": "0.67.0",
        "@oxc-parser/binding-win32-arm64-msvc": "0.67.0",
        "@oxc-parser/binding-win32-x64-msvc": "0.67.0"
      }
    },
    "node_modules/thingies": {
      "version": "1.21.0",
      "resolved": "https://registry.npmjs.org/thingies/-/thingies-1.21.0.tgz",
      "integrity": "sha512-hsqsJsFMsV+aD4s3CWKk85ep/3I9XzYV/IXaSouJMYIoDlgyi11cBhsqYe9/geRfB0YIikBQg6raRaM+nIMP9g==",
      "peer": true,
      "engines": {
        "node": ">=10.18"
      },
      "peerDependencies": {
        "tslib": "^2"
      }
    },
    "node_modules/tree-dump": {
      "version": "1.0.2",
      "resolved": "https://registry.npmjs.org/tree-dump/-/tree-dump-1.0.2.tgz",
      "integrity": "sha512-dpev9ABuLWdEubk+cIaI9cHwRNNDjkBBLXTwI4UCUFdQ5xXKqNXoK4FEciw/vxf+NQ7Cb7sGUyeUtORvHIdRXQ==",
      "peer": true,
      "engines": {
        "node": ">=10.0"
      },
      "funding": {
        "type": "github",
        "url": "https://github.com/sponsors/streamich"
      },
      "peerDependencies": {
        "tslib": "2"
      }
    },
    "node_modules/tslib": {
      "version": "2.8.1",
      "resolved": "https://registry.npmjs.org/tslib/-/tslib-2.8.1.tgz",
      "integrity": "sha512-oJFu94HQb+KVduSUQL7wnpmqnfmLsOA/nAh6b6EH0wCEoK0/mPeXU6c3wKDV83MkOuHPRHtSXKKU99IBazS/2w=="
    },
    "node_modules/typescript": {
      "version": "5.8.3",
      "resolved": "https://registry.npmjs.org/typescript/-/typescript-5.8.3.tgz",
      "integrity": "sha512-p1diW6TqL9L07nNxvRMM7hMMw4c5XOo/1ibL4aAIGmSAt9slTE1Xgw5KWuof2uTOvCg9BY7ZRi+GaF+7sfgPeQ==",
      "dev": true,
      "bin": {
        "tsc": "bin/tsc",
        "tsserver": "bin/tsserver"
      },
      "engines": {
        "node": ">=14.17"
      }
    },
    "node_modules/undici-types": {
      "version": "6.21.0",
      "resolved": "https://registry.npmjs.org/undici-types/-/undici-types-6.21.0.tgz",
      "integrity": "sha512-iwDZqg0QAGrg9Rav5H4n0M64c3mkR59cJ6wQp+7C4nI0gsmExaedaYLNO44eT4AtBBwjbTiGPMlt2Md0T9H9JQ==",
      "dev": true
    }
  }
}
