{
  "name": "jostraca",
  "version": "0.15.1",
  "lockfileVersion": 3,
  "requires": true,
  "packages": {
    "": {
      "name": "jostraca",
      "version": "0.15.1",
      "license": "MIT",
      "dependencies": {
        "diff": "^7.0.0",
        "gubu": "^9.0.0"
      },
      "devDependencies": {
        "@hapi/code": "^9.0.3",
        "@types/node": "22.10.2",
        "esbuild": "^0.24.1",
        "oxc-parser": "^0.42.0",
        "typescript": "^5.7.2"
      },
      "peerDependencies": {
        "jsonic": ">=2.15.2",
        "memfs": ">=4"
      }
    },
    "node_modules/@esbuild/aix-ppc64": {
      "version": "0.24.1",
      "resolved": "https://registry.npmjs.org/@esbuild/aix-ppc64/-/aix-ppc64-0.24.1.tgz",
      "integrity": "sha512-rHKbvBIQEe46PUybicWHsWmStdB3fvHi7CKa36Ip6xUqEr61BmGcnrYohXRNswU9zP/okYLXMzIW6D0neeNv6Q==",
      "cpu": [
        "ppc64"
      ],
      "dev": true,
      "optional": true,
      "os": [
        "aix"
      ],
      "engines": {
        "node": ">=18"
      }
    },
    "node_modules/@esbuild/android-arm": {
      "version": "0.24.1",
      "resolved": "https://registry.npmjs.org/@esbuild/android-arm/-/android-arm-0.24.1.tgz",
      "integrity": "sha512-gKHsqtULVpVfsffGLaU/W4Jx+DLU8BLOQtvBrg+R22tz422VMgBK5moQ/ELDTRPR7Tqt9gLNk13XlvOFinXSzQ==",
      "cpu": [
        "arm"
      ],
      "dev": true,
      "optional": true,
      "os": [
        "android"
      ],
      "engines": {
        "node": ">=18"
      }
    },
    "node_modules/@esbuild/android-arm64": {
      "version": "0.24.1",
      "resolved": "https://registry.npmjs.org/@esbuild/android-arm64/-/android-arm64-0.24.1.tgz",
      "integrity": "sha512-0jrWbRDWSPNSmt0HDp4qhWHeL69BL3YSSCGlwNn4logcOijz7nLMsHLT1g5Kb9A8T3dCjX+5qekr5zkH+gbqxQ==",
      "cpu": [
        "arm64"
      ],
      "dev": true,
      "optional": true,
      "os": [
        "android"
      ],
      "engines": {
        "node": ">=18"
      }
    },
    "node_modules/@esbuild/android-x64": {
      "version": "0.24.1",
      "resolved": "https://registry.npmjs.org/@esbuild/android-x64/-/android-x64-0.24.1.tgz",
      "integrity": "sha512-FafSki3AkovwnU7zSMDyMKP93Fre1E+c7/mVErP46Y+63RiU2fvKekgpMuLkABDGLGahB/DD0PkPm0YAINmH0Q==",
      "cpu": [
        "x64"
      ],
      "dev": true,
      "optional": true,
      "os": [
        "android"
      ],
      "engines": {
        "node": ">=18"
      }
    },
    "node_modules/@esbuild/darwin-arm64": {
      "version": "0.24.1",
      "resolved": "https://registry.npmjs.org/@esbuild/darwin-arm64/-/darwin-arm64-0.24.1.tgz",
      "integrity": "sha512-hJU5uPOQ0SBZ+0OZVx9dkpNyS0Cj1O7sjmqFMeQdp5ATYzCHhMD0CREHgq59eB0AFtCYDBoNcZXNJPwEZ/XDpA==",
      "cpu": [
        "arm64"
      ],
      "dev": true,
      "optional": true,
      "os": [
        "darwin"
      ],
      "engines": {
        "node": ">=18"
      }
    },
    "node_modules/@esbuild/darwin-x64": {
      "version": "0.24.1",
      "resolved": "https://registry.npmjs.org/@esbuild/darwin-x64/-/darwin-x64-0.24.1.tgz",
      "integrity": "sha512-siNAX65WSBKU7c+XJEKByMruE/JsHY9HU+n5BIMiNlo5axVbWwGXN4HhJQzOlY4TtOwSt3LRbS0zuI5SOjgoyg==",
      "cpu": [
        "x64"
      ],
      "dev": true,
      "optional": true,
      "os": [
        "darwin"
      ],
      "engines": {
        "node": ">=18"
      }
    },
    "node_modules/@esbuild/freebsd-arm64": {
      "version": "0.24.1",
      "resolved": "https://registry.npmjs.org/@esbuild/freebsd-arm64/-/freebsd-arm64-0.24.1.tgz",
      "integrity": "sha512-Kkl8APGvkp1S1g9tttiicChe49p+A3198sISIVcUGECqDPFXk9hSmVrUmaoCZWKo/zGK9TgLczLRLXduuhLplw==",
      "cpu": [
        "arm64"
      ],
      "dev": true,
      "optional": true,
      "os": [
        "freebsd"
      ],
      "engines": {
        "node": ">=18"
      }
    },
    "node_modules/@esbuild/freebsd-x64": {
      "version": "0.24.1",
      "resolved": "https://registry.npmjs.org/@esbuild/freebsd-x64/-/freebsd-x64-0.24.1.tgz",
      "integrity": "sha512-7hm+A84yjna/LTVLad+8iG5cB/Ik+M/ekSrN4ALs9GolbwcyvtjSD+xoPhFFAg8D7xVu0JdDIoNNZ6+KWLcPoQ==",
      "cpu": [
        "x64"
      ],
      "dev": true,
      "optional": true,
      "os": [
        "freebsd"
      ],
      "engines": {
        "node": ">=18"
      }
    },
    "node_modules/@esbuild/linux-arm": {
      "version": "0.24.1",
      "resolved": "https://registry.npmjs.org/@esbuild/linux-arm/-/linux-arm-0.24.1.tgz",
      "integrity": "sha512-USovmgDDpiWs16nRCH/NmRfQUJEaGGDPHqK6+pGzuMZOfoe0MAciJRMu1AKP3Ky4gnpuQcXv7aPHpX0IwLWRhA==",
      "cpu": [
        "arm"
      ],
      "dev": true,
      "optional": true,
      "os": [
        "linux"
      ],
      "engines": {
        "node": ">=18"
      }
    },
    "node_modules/@esbuild/linux-arm64": {
      "version": "0.24.1",
      "resolved": "https://registry.npmjs.org/@esbuild/linux-arm64/-/linux-arm64-0.24.1.tgz",
      "integrity": "sha512-hjv91wG/3V8oKFa6yAew5wFYc+8usgOL/VH6cNEqFtqpWf8RDmwMIRnTmqwxGJ9/9H5ib3KZfgcIgYwoX7F9VQ==",
      "cpu": [
        "arm64"
      ],
      "dev": true,
      "optional": true,
      "os": [
        "linux"
      ],
      "engines": {
        "node": ">=18"
      }
    },
    "node_modules/@esbuild/linux-ia32": {
      "version": "0.24.1",
      "resolved": "https://registry.npmjs.org/@esbuild/linux-ia32/-/linux-ia32-0.24.1.tgz",
      "integrity": "sha512-TwspFcPJpYyBqDcoqSLBBaoGRGiPWkjH5V4raiFQ6maAkBho/rfQvtVpNPkLHEwnPlVSdl4HkHZ3n7NvvtU10w==",
      "cpu": [
        "ia32"
      ],
      "dev": true,
      "optional": true,
      "os": [
        "linux"
      ],
      "engines": {
        "node": ">=18"
      }
    },
    "node_modules/@esbuild/linux-loong64": {
      "version": "0.24.1",
      "resolved": "https://registry.npmjs.org/@esbuild/linux-loong64/-/linux-loong64-0.24.1.tgz",
      "integrity": "sha512-BS3gcpF33m9hiVFeMCF2+LTdkEr/JljXZGQrlR0Bb7B3pn+uQrAJebclIGar+r8BDJ2yvX9bN4GmMPIKdS20EA==",
      "cpu": [
        "loong64"
      ],
      "dev": true,
      "optional": true,
      "os": [
        "linux"
      ],
      "engines": {
        "node": ">=18"
      }
    },
    "node_modules/@esbuild/linux-mips64el": {
      "version": "0.24.1",
      "resolved": "https://registry.npmjs.org/@esbuild/linux-mips64el/-/linux-mips64el-0.24.1.tgz",
      "integrity": "sha512-X35vI7EufAX17Nqo6XoD89/HSlPJUB5zJ1UKeTiGOLXpOaz7zo+t1trSQOoq2Gr8usOX++S77VUw6L2wTMc2cA==",
      "cpu": [
        "mips64el"
      ],
      "dev": true,
      "optional": true,
      "os": [
        "linux"
      ],
      "engines": {
        "node": ">=18"
      }
    },
    "node_modules/@esbuild/linux-ppc64": {
      "version": "0.24.1",
      "resolved": "https://registry.npmjs.org/@esbuild/linux-ppc64/-/linux-ppc64-0.24.1.tgz",
      "integrity": "sha512-I+XQCBhTIXKqyLFDcyMP9Dp0u0fx2TiH3BTh4iIg58/a5hmS3l3Yr2AHG8gEsmjUA7WGfKy2ZqxsaVud15iI1w==",
      "cpu": [
        "ppc64"
      ],
      "dev": true,
      "optional": true,
      "os": [
        "linux"
      ],
      "engines": {
        "node": ">=18"
      }
    },
    "node_modules/@esbuild/linux-riscv64": {
      "version": "0.24.1",
      "resolved": "https://registry.npmjs.org/@esbuild/linux-riscv64/-/linux-riscv64-0.24.1.tgz",
      "integrity": "sha512-wK7f0cK/Mq2x42ImYAr+OWzyv4OQUQj/RcKvbxcEoe46LFCa4w08Cqow9zX8vN9SE8BScm4NGYT7CO0G8UBrTA==",
      "cpu": [
        "riscv64"
      ],
      "dev": true,
      "optional": true,
      "os": [
        "linux"
      ],
      "engines": {
        "node": ">=18"
      }
    },
    "node_modules/@esbuild/linux-s390x": {
      "version": "0.24.1",
      "resolved": "https://registry.npmjs.org/@esbuild/linux-s390x/-/linux-s390x-0.24.1.tgz",
      "integrity": "sha512-47oImRwZavr5qEvEHNPcdly8LuFp3i4xrqT9mNbUn4ZKbwyegVp10k1E1YARiOim8ggfPAPABhPqXdS1NJOAnw==",
      "cpu": [
        "s390x"
      ],
      "dev": true,
      "optional": true,
      "os": [
        "linux"
      ],
      "engines": {
        "node": ">=18"
      }
    },
    "node_modules/@esbuild/linux-x64": {
      "version": "0.24.1",
      "resolved": "https://registry.npmjs.org/@esbuild/linux-x64/-/linux-x64-0.24.1.tgz",
      "integrity": "sha512-8qkGHVK1hH819iH7c9OsQsfUhJ0cgznoGT6vHRNxvNFPhcn0Y7HXLS0ndpY1sUkSM+umIdknz6vEqgPk6pbyIA==",
      "cpu": [
        "x64"
      ],
      "dev": true,
      "optional": true,
      "os": [
        "linux"
      ],
      "engines": {
        "node": ">=18"
      }
    },
    "node_modules/@esbuild/netbsd-arm64": {
      "version": "0.24.1",
      "resolved": "https://registry.npmjs.org/@esbuild/netbsd-arm64/-/netbsd-arm64-0.24.1.tgz",
      "integrity": "sha512-lH+bWKi8aCvlDu0vDVcZV4ENiHjVus3SQFueeydJ/mSfKywQ3LnbSjJ8PUgj+3dllq1OTFCGgh+x/14hrULVrg==",
      "cpu": [
        "arm64"
      ],
      "dev": true,
      "optional": true,
      "os": [
        "netbsd"
      ],
      "engines": {
        "node": ">=18"
      }
    },
    "node_modules/@esbuild/netbsd-x64": {
      "version": "0.24.1",
      "resolved": "https://registry.npmjs.org/@esbuild/netbsd-x64/-/netbsd-x64-0.24.1.tgz",
      "integrity": "sha512-OdjqCVKtJuxRk9gPit/iI4/wSCGOnCcuPkgkT8Pt+0vM63QUOBd5oNX2umXUBr4bYTpSCL/aGxrAb3qENcqA4g==",
      "cpu": [
        "x64"
      ],
      "dev": true,
      "optional": true,
      "os": [
        "netbsd"
      ],
      "engines": {
        "node": ">=18"
      }
    },
    "node_modules/@esbuild/openbsd-arm64": {
      "version": "0.24.1",
      "resolved": "https://registry.npmjs.org/@esbuild/openbsd-arm64/-/openbsd-arm64-0.24.1.tgz",
      "integrity": "sha512-wy2psEw0wc+xbSB4Et3XZaONClCagOlQTsqRJaLtCcPggnuZMfb17c5T5w6RO6pFF5J2SWoM7+MJuWUEzvQN+Q==",
      "cpu": [
        "arm64"
      ],
      "dev": true,
      "optional": true,
      "os": [
        "openbsd"
      ],
      "engines": {
        "node": ">=18"
      }
    },
    "node_modules/@esbuild/openbsd-x64": {
      "version": "0.24.1",
      "resolved": "https://registry.npmjs.org/@esbuild/openbsd-x64/-/openbsd-x64-0.24.1.tgz",
      "integrity": "sha512-GClG42X5JYHoQU5Jry0u+uN2vmKOwrifl10IvDBXtkxyGr9oqOJyrd2U+H2ZoZGNIt21d7WcVJJmJq3I3fl+5g==",
      "cpu": [
        "x64"
      ],
      "dev": true,
      "optional": true,
      "os": [
        "openbsd"
      ],
      "engines": {
        "node": ">=18"
      }
    },
    "node_modules/@esbuild/sunos-x64": {
      "version": "0.24.1",
      "resolved": "https://registry.npmjs.org/@esbuild/sunos-x64/-/sunos-x64-0.24.1.tgz",
      "integrity": "sha512-a0VfBsFPrlFKxzXuJ4nP0ia3jEbzBk/JW2wEW44dwr0RDOr/Y1+d+EJgT6L3h8y9X8ctig7ks0rWlbjkPn6PcA==",
      "cpu": [
        "x64"
      ],
      "dev": true,
      "optional": true,
      "os": [
        "sunos"
      ],
      "engines": {
        "node": ">=18"
      }
    },
    "node_modules/@esbuild/win32-arm64": {
      "version": "0.24.1",
      "resolved": "https://registry.npmjs.org/@esbuild/win32-arm64/-/win32-arm64-0.24.1.tgz",
      "integrity": "sha512-HqeXG1ttUnENzcGlPr0ouQHk8PQIoWi3thXElmafH1pVxC94sYdBVQregb2Qz7l1BmooUIOnzCGPCT4Oma0yTg==",
      "cpu": [
        "arm64"
      ],
      "dev": true,
      "optional": true,
      "os": [
        "win32"
      ],
      "engines": {
        "node": ">=18"
      }
    },
    "node_modules/@esbuild/win32-ia32": {
      "version": "0.24.1",
      "resolved": "https://registry.npmjs.org/@esbuild/win32-ia32/-/win32-ia32-0.24.1.tgz",
      "integrity": "sha512-uA0iNg5jSy9XMiugX8Qtm3p9uUl9hi4JbOY18KnFBNTB+GsfJIWrDpE1cRFZrSHePiZs9cAwnprILpAKJWuYig==",
      "cpu": [
        "ia32"
      ],
      "dev": true,
      "optional": true,
      "os": [
        "win32"
      ],
      "engines": {
        "node": ">=18"
      }
    },
    "node_modules/@esbuild/win32-x64": {
      "version": "0.24.1",
      "resolved": "https://registry.npmjs.org/@esbuild/win32-x64/-/win32-x64-0.24.1.tgz",
      "integrity": "sha512-wekV0z60AyaD8yYgRtxckqvGzzVaQmQRAhNrR352KzXLfhc4peh3UBMMmtYHbOqml6KblKy7oihC1eaZS68vRw==",
      "cpu": [
        "x64"
      ],
      "dev": true,
      "optional": true,
      "os": [
        "win32"
      ],
      "engines": {
        "node": ">=18"
      }
    },
    "node_modules/@hapi/code": {
      "version": "9.0.3",
      "resolved": "https://registry.npmjs.org/@hapi/code/-/code-9.0.3.tgz",
      "integrity": "sha512-g50b7qz861Xfnt1NWtcba1zVxlHLPDJh/4ys6pva6jMmQgbTDLgAkbORDHYbVSA7mYxZ2cHZ2n7ZeFb5j/ZhQw==",
      "dev": true,
      "dependencies": {
        "@hapi/hoek": "^11.0.2"
      }
    },
    "node_modules/@hapi/hoek": {
      "version": "11.0.7",
      "resolved": "https://registry.npmjs.org/@hapi/hoek/-/hoek-11.0.7.tgz",
      "integrity": "sha512-HV5undWkKzcB4RZUusqOpcgxOaq6VOAH7zhhIr2g3G8NF/MlFO75SjOr2NfuSx0Mh40+1FqCkagKLJRykUWoFQ==",
      "dev": true
    },
    "node_modules/@jsonjoy.com/base64": {
      "version": "1.1.2",
      "resolved": "https://registry.npmjs.org/@jsonjoy.com/base64/-/base64-1.1.2.tgz",
      "integrity": "sha512-q6XAnWQDIMA3+FTiOYajoYqySkO+JSat0ytXGSuRdq9uXE7o92gzuQwQM14xaCRlBLGq3v5miDGC4vkVTn54xA==",
      "peer": true,
      "engines": {
        "node": ">=10.0"
      },
      "funding": {
        "type": "github",
        "url": "https://github.com/sponsors/streamich"
      },
      "peerDependencies": {
        "tslib": "2"
      }
    },
    "node_modules/@jsonjoy.com/json-pack": {
      "version": "1.1.1",
      "resolved": "https://registry.npmjs.org/@jsonjoy.com/json-pack/-/json-pack-1.1.1.tgz",
      "integrity": "sha512-osjeBqMJ2lb/j/M8NCPjs1ylqWIcTRTycIhVB5pt6LgzgeRSb0YRZ7j9RfA8wIUrsr/medIuhVyonXRZWLyfdw==",
      "peer": true,
      "dependencies": {
        "@jsonjoy.com/base64": "^1.1.1",
        "@jsonjoy.com/util": "^1.1.2",
        "hyperdyperid": "^1.2.0",
        "thingies": "^1.20.0"
      },
      "engines": {
        "node": ">=10.0"
      },
      "funding": {
        "type": "github",
        "url": "https://github.com/sponsors/streamich"
      },
      "peerDependencies": {
        "tslib": "2"
      }
    },
    "node_modules/@jsonjoy.com/util": {
      "version": "1.5.0",
      "resolved": "https://registry.npmjs.org/@jsonjoy.com/util/-/util-1.5.0.tgz",
      "integrity": "sha512-ojoNsrIuPI9g6o8UxhraZQSyF2ByJanAY4cTFbc8Mf2AXEF4aQRGY1dJxyJpuyav8r9FGflEt/Ff3u5Nt6YMPA==",
      "peer": true,
      "engines": {
        "node": ">=10.0"
      },
      "funding": {
        "type": "github",
        "url": "https://github.com/sponsors/streamich"
      },
      "peerDependencies": {
        "tslib": "2"
      }
    },
    "node_modules/@oxc-parser/binding-darwin-arm64": {
      "version": "0.42.0",
      "resolved": "https://registry.npmjs.org/@oxc-parser/binding-darwin-arm64/-/binding-darwin-arm64-0.42.0.tgz",
      "integrity": "sha512-0Z8mVAqHbPz4Cc+dGT89bZ34///S8kro2svzoJZ2aR7B+VG0FOKiOtK7egPlsK0dsl7LKA8hxuz4TrLZl7Foow==",
      "cpu": [
        "arm64"
      ],
      "dev": true,
      "optional": true,
      "os": [
        "darwin"
      ]
    },
    "node_modules/@oxc-parser/binding-darwin-x64": {
      "version": "0.42.0",
      "resolved": "https://registry.npmjs.org/@oxc-parser/binding-darwin-x64/-/binding-darwin-x64-0.42.0.tgz",
      "integrity": "sha512-TXF4PBE6XT0MkKsZkE9KvWqM/Z048ywoM7Ts8YDn98mcp6nxHgmqkVwxnDc9kima71hUC1JoYHMpfvU57MMYXw==",
      "cpu": [
        "x64"
      ],
      "dev": true,
      "optional": true,
      "os": [
        "darwin"
      ]
    },
    "node_modules/@oxc-parser/binding-linux-arm64-gnu": {
      "version": "0.42.0",
      "resolved": "https://registry.npmjs.org/@oxc-parser/binding-linux-arm64-gnu/-/binding-linux-arm64-gnu-0.42.0.tgz",
      "integrity": "sha512-te7pDX3yhBKFwTLife4cfTXU+cYDBNkJ2/2H/hllCYNlBrmIzM+ZzCRVt+dlVudTwkkxkCimrna/TSCpKPBwfQ==",
      "cpu": [
        "arm64"
      ],
      "dev": true,
      "optional": true,
      "os": [
        "linux"
      ]
    },
    "node_modules/@oxc-parser/binding-linux-arm64-musl": {
      "version": "0.42.0",
      "resolved": "https://registry.npmjs.org/@oxc-parser/binding-linux-arm64-musl/-/binding-linux-arm64-musl-0.42.0.tgz",
      "integrity": "sha512-YfR907oRb+G7qNZjYq5vt4WmaAVDD3lROkAcRI92WHRF3Pyoa2rAcu4fabhBEGcCQ+phrdgd1glMOutHzooOXw==",
      "cpu": [
        "arm64"
      ],
      "dev": true,
      "optional": true,
      "os": [
        "linux"
      ]
    },
    "node_modules/@oxc-parser/binding-linux-x64-gnu": {
      "version": "0.42.0",
      "resolved": "https://registry.npmjs.org/@oxc-parser/binding-linux-x64-gnu/-/binding-linux-x64-gnu-0.42.0.tgz",
      "integrity": "sha512-Go04++6D+d3j5VrW+jTKFD3VLiATgg3KS74/mA7Hm+6otXhVPWxoElf7RAMxAb2XlhrkGffDVhSPHEgWdkjlzw==",
      "cpu": [
        "x64"
      ],
      "dev": true,
      "optional": true,
      "os": [
        "linux"
      ]
    },
    "node_modules/@oxc-parser/binding-linux-x64-musl": {
      "version": "0.42.0",
      "resolved": "https://registry.npmjs.org/@oxc-parser/binding-linux-x64-musl/-/binding-linux-x64-musl-0.42.0.tgz",
      "integrity": "sha512-BB8t4eH5IXGYY4Tl/EhnKFdY8Kn+LSQPtyknltliDx48Qwc9eH0EsDUn6G9ZxCQhE8LUbzLLKEjM0RXrPyrjsQ==",
      "cpu": [
        "x64"
      ],
      "dev": true,
      "optional": true,
      "os": [
        "linux"
      ]
    },
    "node_modules/@oxc-parser/binding-win32-arm64-msvc": {
      "version": "0.42.0",
      "resolved": "https://registry.npmjs.org/@oxc-parser/binding-win32-arm64-msvc/-/binding-win32-arm64-msvc-0.42.0.tgz",
      "integrity": "sha512-94EiKe2vnbj5So2zX45FY5Fng0ryRuVsu03/VXG4z42bgfpSOEMX/Jiw2mDHImRT/K5LxLGbAnU9ORaHhyhtDQ==",
      "cpu": [
        "arm64"
      ],
      "dev": true,
      "optional": true,
      "os": [
        "win32"
      ]
    },
    "node_modules/@oxc-parser/binding-win32-x64-msvc": {
      "version": "0.42.0",
      "resolved": "https://registry.npmjs.org/@oxc-parser/binding-win32-x64-msvc/-/binding-win32-x64-msvc-0.42.0.tgz",
      "integrity": "sha512-kFDTExsflyX7ZG+tIrlSHMXn4C1HYaP18c90hCrbWHdDhnbOBPOBA5eCAp6/QRWFeZvqe2BXT3L82hJzPBM19g==",
      "cpu": [
        "x64"
      ],
      "dev": true,
      "optional": true,
      "os": [
        "win32"
      ]
    },
    "node_modules/@oxc-project/types": {
      "version": "0.42.0",
      "resolved": "https://registry.npmjs.org/@oxc-project/types/-/types-0.42.0.tgz",
      "integrity": "sha512-SNJadBsesPmqlI3fRsykSuZisBl6OMlmJDKSMov7eYge4UhejuER7ZEXt7Qgxl+eC8CWfO8Pdrg1ce7+J7Movg==",
      "dev": true,
      "funding": {
        "url": "https://github.com/sponsors/Boshen"
      }
    },
    "node_modules/@types/node": {
      "version": "22.10.2",
      "resolved": "https://registry.npmjs.org/@types/node/-/node-22.10.2.tgz",
      "integrity": "sha512-Xxr6BBRCAOQixvonOye19wnzyDiUtTeqldOOmj3CkeblonbccA12PFwlufvRdrpjXxqnmUaeiU5EOA+7s5diUQ==",
      "dev": true,
      "dependencies": {
        "undici-types": "~6.20.0"
      }
    },
    "node_modules/diff": {
      "version": "7.0.0",
      "resolved": "https://registry.npmjs.org/diff/-/diff-7.0.0.tgz",
      "integrity": "sha512-PJWHUb1RFevKCwaFA9RlG5tCd+FO5iRh9A8HEtkmBH2Li03iJriB6m6JIN4rGz3K3JLawI7/veA1xzRKP6ISBw==",
      "engines": {
        "node": ">=0.3.1"
      }
    },
    "node_modules/esbuild": {
      "version": "0.24.1",
      "resolved": "https://registry.npmjs.org/esbuild/-/esbuild-0.24.1.tgz",
      "integrity": "sha512-bHNW57YAKNh1VSbXP33EL9DevtRuT10czGhL9ynKpOAeBMNAkzsP8FSNoFTbU3abQB7kOb+JqUc89FqlZNbEeQ==",
      "dev": true,
      "hasInstallScript": true,
      "bin": {
        "esbuild": "bin/esbuild"
      },
      "engines": {
        "node": ">=18"
      },
      "optionalDependencies": {
        "@esbuild/aix-ppc64": "0.24.1",
        "@esbuild/android-arm": "0.24.1",
        "@esbuild/android-arm64": "0.24.1",
        "@esbuild/android-x64": "0.24.1",
        "@esbuild/darwin-arm64": "0.24.1",
        "@esbuild/darwin-x64": "0.24.1",
        "@esbuild/freebsd-arm64": "0.24.1",
        "@esbuild/freebsd-x64": "0.24.1",
        "@esbuild/linux-arm": "0.24.1",
        "@esbuild/linux-arm64": "0.24.1",
        "@esbuild/linux-ia32": "0.24.1",
        "@esbuild/linux-loong64": "0.24.1",
        "@esbuild/linux-mips64el": "0.24.1",
        "@esbuild/linux-ppc64": "0.24.1",
        "@esbuild/linux-riscv64": "0.24.1",
        "@esbuild/linux-s390x": "0.24.1",
        "@esbuild/linux-x64": "0.24.1",
        "@esbuild/netbsd-arm64": "0.24.1",
        "@esbuild/netbsd-x64": "0.24.1",
        "@esbuild/openbsd-arm64": "0.24.1",
        "@esbuild/openbsd-x64": "0.24.1",
        "@esbuild/sunos-x64": "0.24.1",
        "@esbuild/win32-arm64": "0.24.1",
        "@esbuild/win32-ia32": "0.24.1",
        "@esbuild/win32-x64": "0.24.1"
      }
    },
    "node_modules/gubu": {
      "version": "9.0.0",
      "resolved": "https://registry.npmjs.org/gubu/-/gubu-9.0.0.tgz",
      "integrity": "sha512-ha4I76HekhYzoXoA5gJql3ql/fTRaj+pyQUwOITCuEENE8sdInUU1lc0+Wr7v4GeAh0Kh8sUCNuwwOw6DHRYTA==",
      "engines": {
        "node": ">=14"
      }
    },
    "node_modules/hyperdyperid": {
      "version": "1.2.0",
      "resolved": "https://registry.npmjs.org/hyperdyperid/-/hyperdyperid-1.2.0.tgz",
      "integrity": "sha512-Y93lCzHYgGWdrJ66yIktxiaGULYc6oGiABxhcO5AufBeOyoIdZF7bIfLaOrbM0iGIOXQQgxxRrFEnb+Y6w1n4A==",
      "peer": true,
      "engines": {
        "node": ">=10.18"
      }
    },
    "node_modules/jsonic": {
      "version": "2.15.2",
      "resolved": "https://registry.npmjs.org/jsonic/-/jsonic-2.15.2.tgz",
      "integrity": "sha512-s8Jyvrj+ftIfUZQgEmEB2iK5VdWCBvvd0YeVV6zKDo6nmX8kUTUuSM/CmShZGHqNbjytZfF/sqXUaWDCN196VA==",
      "peer": true,
      "bin": {
        "jsonic": "bin/jsonic"
      }
    },
    "node_modules/memfs": {
      "version": "4.15.0",
      "resolved": "https://registry.npmjs.org/memfs/-/memfs-4.15.0.tgz",
      "integrity": "sha512-q9MmZXd2rRWHS6GU3WEm3HyiXZyyoA1DqdOhEq0lxPBmKb5S7IAOwX0RgUCwJfqjelDCySa5h8ujOy24LqsWcw==",
      "peer": true,
      "dependencies": {
        "@jsonjoy.com/json-pack": "^1.0.3",
        "@jsonjoy.com/util": "^1.3.0",
        "tree-dump": "^1.0.1",
        "tslib": "^2.0.0"
      },
      "engines": {
        "node": ">= 4.0.0"
      },
      "funding": {
        "type": "github",
        "url": "https://github.com/sponsors/streamich"
      }
    },
    "node_modules/oxc-parser": {
      "version": "0.42.0",
      "resolved": "https://registry.npmjs.org/oxc-parser/-/oxc-parser-0.42.0.tgz",
      "integrity": "sha512-Zv3mSSLQQ8TWFqhZ748F7qHjOs3MaVlz6dSDXrRtbP0QtfJndu4mhkdfALCRBS12l830u6OgQpHlozj/6h4ZPA==",
      "dev": true,
      "dependencies": {
        "@oxc-project/types": "^0.42.0"
      },
      "funding": {
        "url": "https://github.com/sponsors/Boshen"
      },
      "optionalDependencies": {
        "@oxc-parser/binding-darwin-arm64": "0.42.0",
        "@oxc-parser/binding-darwin-x64": "0.42.0",
        "@oxc-parser/binding-linux-arm64-gnu": "0.42.0",
        "@oxc-parser/binding-linux-arm64-musl": "0.42.0",
        "@oxc-parser/binding-linux-x64-gnu": "0.42.0",
        "@oxc-parser/binding-linux-x64-musl": "0.42.0",
        "@oxc-parser/binding-win32-arm64-msvc": "0.42.0",
        "@oxc-parser/binding-win32-x64-msvc": "0.42.0"
      }
    },
    "node_modules/thingies": {
      "version": "1.21.0",
      "resolved": "https://registry.npmjs.org/thingies/-/thingies-1.21.0.tgz",
      "integrity": "sha512-hsqsJsFMsV+aD4s3CWKk85ep/3I9XzYV/IXaSouJMYIoDlgyi11cBhsqYe9/geRfB0YIikBQg6raRaM+nIMP9g==",
      "peer": true,
      "engines": {
        "node": ">=10.18"
      },
      "peerDependencies": {
        "tslib": "^2"
      }
    },
    "node_modules/tree-dump": {
      "version": "1.0.2",
      "resolved": "https://registry.npmjs.org/tree-dump/-/tree-dump-1.0.2.tgz",
      "integrity": "sha512-dpev9ABuLWdEubk+cIaI9cHwRNNDjkBBLXTwI4UCUFdQ5xXKqNXoK4FEciw/vxf+NQ7Cb7sGUyeUtORvHIdRXQ==",
      "peer": true,
      "engines": {
        "node": ">=10.0"
      },
      "funding": {
        "type": "github",
        "url": "https://github.com/sponsors/streamich"
      },
      "peerDependencies": {
        "tslib": "2"
      }
    },
    "node_modules/tslib": {
      "version": "2.8.1",
      "resolved": "https://registry.npmjs.org/tslib/-/tslib-2.8.1.tgz",
      "integrity": "sha512-oJFu94HQb+KVduSUQL7wnpmqnfmLsOA/nAh6b6EH0wCEoK0/mPeXU6c3wKDV83MkOuHPRHtSXKKU99IBazS/2w==",
      "peer": true
    },
    "node_modules/typescript": {
      "version": "5.7.2",
      "resolved": "https://registry.npmjs.org/typescript/-/typescript-5.7.2.tgz",
      "integrity": "sha512-i5t66RHxDvVN40HfDd1PsEThGNnlMCMT3jMUuoh9/0TaqWevNontacunWyN02LA9/fIbEWlcHZcgTKb9QoaLfg==",
      "dev": true,
      "bin": {
        "tsc": "bin/tsc",
        "tsserver": "bin/tsserver"
      },
      "engines": {
        "node": ">=14.17"
      }
    },
    "node_modules/undici-types": {
      "version": "6.20.0",
      "resolved": "https://registry.npmjs.org/undici-types/-/undici-types-6.20.0.tgz",
      "integrity": "sha512-Ny6QZ2Nju20vw1SRHe3d9jVu6gJ+4e3+MMpqu7pqE5HT6WsTSlce++GQmK5UXS8mzV8DSYHrQH+Xrf2jVcuKNg==",
      "dev": true
    }
  }
}
